
Microsoft Visual Studio Solution File, Format Version 12.00
Project("{FAE04EC0-301F-11D3-BF4B-00C04F79EFBC}") = "ContainersApp", "ContainersApp\ContainersApp.csproj", "{865B1A55-919C-49D6-9CD6-B702337B0345}"
EndProject
Global
	GlobalSection(SolutionConfigurationPlatforms) = preSolution
		Debug|Any CPU = Debug|Any CPU
		Release|Any CPU = Release|Any CPU
	EndGlobalSection
	GlobalSection(ProjectConfigurationPlatforms) = postSolution
		{865B1A55-919C-49D6-9CD6-B702337B0345}.Debug|Any CPU.ActiveCfg = Debug|Any CPU
		{865B1A55-919C-49D6-9CD6-B702337B0345}.Debug|Any CPU.Build.0 = Debug|Any CPU
		{865B1A55-919C-49D6-9CD6-B702337B0345}.Release|Any CPU.ActiveCfg = Release|Any CPU
		{865B1A55-919C-49D6-9CD6-B702337B0345}.Release|Any CPU.Build.0 = Release|Any CPU
	EndGlobalSection
EndGlobal
